
Microsoft Visual Studio Solution File, Format Version 12.00
# Visual Studio Version 16
VisualStudioVersion = 16.0.30611.23
MinimumVisualStudioVersion = 10.0.40219.1
Project("{9A19103F-16F7-4668-BE54-9A1E7A4F7556}") = "SocialMedia.Api", "SocialMedia.Api\SocialMedia.Api.csproj", "{4738B858-29EB-49E2-877A-85E46E21CEC6}"
EndProject
Project("{9A19103F-16F7-4668-BE54-9A1E7A4F7556}") = "SocialMedia.Core", "SocialMedia.Core\SocialMedia.Core.csproj", "{38169E09-3BDA-4498-B607-9B7905C4C891}"
EndProject
Project("{9A19103F-16F7-4668-BE54-9A1E7A4F7556}") = "SocialMedia.Infrastructure", "SocialMedia.Infrastructure\SocialMedia.Infrastructure.csproj", "{908B3DC5-1796-46C8-B79D-C6D05ECC15DE}"
EndProject
Project("{2150E333-8FDC-42A3-9474-1A3956D46DE8}") = "Tests", "Tests", "{01A1437B-597D-4102-AC42-09B856FBBDAD}"
EndProject
Project("{FAE04EC0-301F-11D3-BF4B-00C04F79EFBC}") = "SocialMedia.UnitTests", "SocialMedia.UnitTest\SocialMedia.UnitTests.csproj", "{07329488-5484-4682-A505-42147A66DF26}"
EndProject
Project("{FAE04EC0-301F-11D3-BF4B-00C04F79EFBC}") = "SocialMedia.IntegrationTests", "SocialMedia.IntegrationTests\SocialMedia.IntegrationTests.csproj", "{8445265A-9C6A-437A-805E-A00E44B2E354}"
EndProject
Global
	GlobalSection(SolutionConfigurationPlatforms) = preSolution
		Debug|Any CPU = Debug|Any CPU
		Release|Any CPU = Release|Any CPU
	EndGlobalSection
	GlobalSection(ProjectConfigurationPlatforms) = postSolution
		{4738B858-29EB-49E2-877A-85E46E21CEC6}.Debug|Any CPU.ActiveCfg = Debug|Any CPU
		{4738B858-29EB-49E2-877A-85E46E21CEC6}.Debug|Any CPU.Build.0 = Debug|Any CPU
		{4738B858-29EB-49E2-877A-85E46E21CEC6}.Release|Any CPU.ActiveCfg = Release|Any CPU
		{4738B858-29EB-49E2-877A-85E46E21CEC6}.Release|Any CPU.Build.0 = Release|Any CPU
		{38169E09-3BDA-4498-B607-9B7905C4C891}.Debug|Any CPU.ActiveCfg = Debug|Any CPU
		{38169E09-3BDA-4498-B607-9B7905C4C891}.Debug|Any CPU.Build.0 = Debug|Any CPU
		{38169E09-3BDA-4498-B607-9B7905C4C891}.Release|Any CPU.ActiveCfg = Release|Any CPU
		{38169E09-3BDA-4498-B607-9B7905C4C891}.Release|Any CPU.Build.0 = Release|Any CPU
		{908B3DC5-1796-46C8-B79D-C6D05ECC15DE}.Debug|Any CPU.ActiveCfg = Debug|Any CPU
		{908B3DC5-1796-46C8-B79D-C6D05ECC15DE}.Debug|Any CPU.Build.0 = Debug|Any CPU
		{908B3DC5-1796-46C8-B79D-C6D05ECC15DE}.Release|Any CPU.ActiveCfg = Release|Any CPU
		{908B3DC5-1796-46C8-B79D-C6D05ECC15DE}.Release|Any CPU.Build.0 = Release|Any CPU
		{07329488-5484-4682-A505-42147A66DF26}.Debug|Any CPU.ActiveCfg = Debug|Any CPU
		{07329488-5484-4682-A505-42147A66DF26}.Debug|Any CPU.Build.0 = Debug|Any CPU
		{07329488-5484-4682-A505-42147A66DF26}.Release|Any CPU.ActiveCfg = Release|Any CPU
		{07329488-5484-4682-A505-42147A66DF26}.Release|Any CPU.Build.0 = Release|Any CPU
		{8445265A-9C6A-437A-805E-A00E44B2E354}.Debug|Any CPU.ActiveCfg = Debug|Any CPU
		{8445265A-9C6A-437A-805E-A00E44B2E354}.Debug|Any CPU.Build.0 = Debug|Any CPU
		{8445265A-9C6A-437A-805E-A00E44B2E354}.Release|Any CPU.ActiveCfg = Release|Any CPU
		{8445265A-9C6A-437A-805E-A00E44B2E354}.Release|Any CPU.Build.0 = Release|Any CPU
	EndGlobalSection
	GlobalSection(SolutionProperties) = preSolution
		HideSolutionNode = FALSE
	EndGlobalSection
	GlobalSection(NestedProjects) = preSolution
		{07329488-5484-4682-A505-42147A66DF26} = {01A1437B-597D-4102-AC42-09B856FBBDAD}
		{8445265A-9C6A-437A-805E-A00E44B2E354} = {01A1437B-597D-4102-AC42-09B856FBBDAD}
	EndGlobalSection
	GlobalSection(ExtensibilityGlobals) = postSolution
		SolutionGuid = {701CF14F-4791-48D6-8A0F-D28F6E40D66B}
	EndGlobalSection
EndGlobal
